
Microsoft Visual Studio Solution File, Format Version 12.00
Project("{FAE04EC0-301F-11D3-BF4B-00C04F79EFBC}") = "Frankenstein", "Frankenstein\Frankenstein.csproj", "{A6B7888B-EB60-4248-BE20-406DC8FF9207}"
EndProject
Global
	GlobalSection(SolutionConfigurationPlatforms) = preSolution
		Debug|Any CPU = Debug|Any CPU
		Release|Any CPU = Release|Any CPU
	EndGlobalSection
	GlobalSection(ProjectConfigurationPlatforms) = postSolution
		{A6B7888B-EB60-4248-BE20-406DC8FF9207}.Debug|Any CPU.ActiveCfg = Debug|Any CPU
		{A6B7888B-EB60-4248-BE20-406DC8FF9207}.Debug|Any CPU.Build.0 = Debug|Any CPU
		{A6B7888B-EB60-4248-BE20-406DC8FF9207}.Release|Any CPU.ActiveCfg = Release|Any CPU
		{A6B7888B-EB60-4248-BE20-406DC8FF9207}.Release|Any CPU.Build.0 = Release|Any CPU
	EndGlobalSection
EndGlobal
